
Microsoft Visual Studio Solution File, Format Version 12.00
# Visual Studio Version 17
VisualStudioVersion = 17.10.35122.118
MinimumVisualStudioVersion = 10.0.40219.1
Project("{FAE04EC0-301F-11D3-BF4B-00C04F79EFBC}") = "project_1_2025.Server", "project_1_2025.Server\project_1_2025.Server.csproj", "{24F93124-3921-4588-A7A6-4EA816057E3F}"
EndProject
Project("{54A90642-561A-4BB1-A94E-469ADEE60C69}") = "project_1_2025.client", "project_1_2025.client\project_1_2025.client.esproj", "{9865218D-ACA5-4280-873F-D6DF68697C61}"
EndProject
Global
	GlobalSection(SolutionConfigurationPlatforms) = preSolution
		Debug|Any CPU = Debug|Any CPU
		Release|Any CPU = Release|Any CPU
	EndGlobalSection
	GlobalSection(ProjectConfigurationPlatforms) = postSolution
		{24F93124-3921-4588-A7A6-4EA816057E3F}.Debug|Any CPU.ActiveCfg = Debug|Any CPU
		{24F93124-3921-4588-A7A6-4EA816057E3F}.Debug|Any CPU.Build.0 = Debug|Any CPU
		{24F93124-3921-4588-A7A6-4EA816057E3F}.Release|Any CPU.ActiveCfg = Release|Any CPU
		{24F93124-3921-4588-A7A6-4EA816057E3F}.Release|Any CPU.Build.0 = Release|Any CPU
		{9865218D-ACA5-4280-873F-D6DF68697C61}.Debug|Any CPU.ActiveCfg = Debug|Any CPU
		{9865218D-ACA5-4280-873F-D6DF68697C61}.Debug|Any CPU.Build.0 = Debug|Any CPU
		{9865218D-ACA5-4280-873F-D6DF68697C61}.Debug|Any CPU.Deploy.0 = Debug|Any CPU
		{9865218D-ACA5-4280-873F-D6DF68697C61}.Release|Any CPU.ActiveCfg = Release|Any CPU
		{9865218D-ACA5-4280-873F-D6DF68697C61}.Release|Any CPU.Build.0 = Release|Any CPU
		{9865218D-ACA5-4280-873F-D6DF68697C61}.Release|Any CPU.Deploy.0 = Release|Any CPU
	EndGlobalSection
	GlobalSection(SolutionProperties) = preSolution
		HideSolutionNode = FALSE
	EndGlobalSection
	GlobalSection(ExtensibilityGlobals) = postSolution
		SolutionGuid = {0277171A-EB7F-4D9B-8935-C3DA9158F5BE}
	EndGlobalSection
EndGlobal
